
Microsoft Visual Studio Solution File, Format Version 12.00
# Visual Studio Version 16
VisualStudioVersion = 16.0.31410.357
MinimumVisualStudioVersion = 10.0.40219.1
Project("{FAE04EC0-301F-11D3-BF4B-00C04F79EFBC}") = "Dictionaries_Y12_2021", "Dictionaries_Y12_2021\Dictionaries_Y12_2021.csproj", "{ABC5095F-4C19-43B9-A232-6C6CFC857722}"
EndProject
Global
	GlobalSection(SolutionConfigurationPlatforms) = preSolution
		Debug|Any CPU = Debug|Any CPU
		Release|Any CPU = Release|Any CPU
	EndGlobalSection
	GlobalSection(ProjectConfigurationPlatforms) = postSolution
		{ABC5095F-4C19-43B9-A232-6C6CFC857722}.Debug|Any CPU.ActiveCfg = Debug|Any CPU
		{ABC5095F-4C19-43B9-A232-6C6CFC857722}.Debug|Any CPU.Build.0 = Debug|Any CPU
		{ABC5095F-4C19-43B9-A232-6C6CFC857722}.Release|Any CPU.ActiveCfg = Release|Any CPU
		{ABC5095F-4C19-43B9-A232-6C6CFC857722}.Release|Any CPU.Build.0 = Release|Any CPU
	EndGlobalSection
	GlobalSection(SolutionProperties) = preSolution
		HideSolutionNode = FALSE
	EndGlobalSection
	GlobalSection(ExtensibilityGlobals) = postSolution
		SolutionGuid = {20598708-7322-4550-92F4-4E0AE6774D58}
	EndGlobalSection
EndGlobal
